
Microsoft Visual Studio Solution File, Format Version 12.00
# Visual Studio 2013
VisualStudioVersion = 12.0.21005.1
MinimumVisualStudioVersion = 10.0.40219.1
Project("{FAE04EC0-301F-11D3-BF4B-00C04F79EFBC}") = "Issue_Management_Main", "Issue_Management_Main\Issue_Management_Main.csproj", "{F85B1C54-AA1F-42D0-BBE0-925AA4CDF55B}"
EndProject
Project("{2150E333-8FDC-42A3-9474-1A3956D46DE8}") = "Issue", "Issue", "{0BC3BE14-EEFD-4AC6-A824-BDA1FDCAC508}"
EndProject
Project("{FAE04EC0-301F-11D3-BF4B-00C04F79EFBC}") = "Issue.Create", "Issue\Issue.Create\Issue.Create.csproj", "{FC457372-90F8-4751-A106-83DB093CCF46}"
EndProject
Project("{2150E333-8FDC-42A3-9474-1A3956D46DE8}") = "User", "User", "{BE3CA869-C611-4B6B-B500-8EF24AF8F395}"
EndProject
Project("{2150E333-8FDC-42A3-9474-1A3956D46DE8}") = "Project", "Project", "{A673B792-21D7-4CC8-A40A-C30B1B327E51}"
EndProject
Project("{2150E333-8FDC-42A3-9474-1A3956D46DE8}") = "Report", "Report", "{043DAB2E-84BC-41F1-B12A-9AD3BCB860DA}"
EndProject
Project("{FAE04EC0-301F-11D3-BF4B-00C04F79EFBC}") = "User.Login", "User.Login\User.Login.csproj", "{F90F1A71-D411-4ED4-B60D-CD4335CDC9D5}"
EndProject
Project("{FAE04EC0-301F-11D3-BF4B-00C04F79EFBC}") = "User.Register", "User\User.Register\User.Register.csproj", "{B86913ED-9009-49E5-9937-C97F165C65F4}"
EndProject
Global
	GlobalSection(SolutionConfigurationPlatforms) = preSolution
		Debug|Any CPU = Debug|Any CPU
		Release|Any CPU = Release|Any CPU
	EndGlobalSection
	GlobalSection(ProjectConfigurationPlatforms) = postSolution
		{F85B1C54-AA1F-42D0-BBE0-925AA4CDF55B}.Debug|Any CPU.ActiveCfg = Debug|Any CPU
		{F85B1C54-AA1F-42D0-BBE0-925AA4CDF55B}.Debug|Any CPU.Build.0 = Debug|Any CPU
		{F85B1C54-AA1F-42D0-BBE0-925AA4CDF55B}.Release|Any CPU.ActiveCfg = Release|Any CPU
		{F85B1C54-AA1F-42D0-BBE0-925AA4CDF55B}.Release|Any CPU.Build.0 = Release|Any CPU
		{FC457372-90F8-4751-A106-83DB093CCF46}.Debug|Any CPU.ActiveCfg = Debug|Any CPU
		{FC457372-90F8-4751-A106-83DB093CCF46}.Debug|Any CPU.Build.0 = Debug|Any CPU
		{FC457372-90F8-4751-A106-83DB093CCF46}.Release|Any CPU.ActiveCfg = Release|Any CPU
		{FC457372-90F8-4751-A106-83DB093CCF46}.Release|Any CPU.Build.0 = Release|Any CPU
		{F90F1A71-D411-4ED4-B60D-CD4335CDC9D5}.Debug|Any CPU.ActiveCfg = Debug|Any CPU
		{F90F1A71-D411-4ED4-B60D-CD4335CDC9D5}.Debug|Any CPU.Build.0 = Debug|Any CPU
		{F90F1A71-D411-4ED4-B60D-CD4335CDC9D5}.Release|Any CPU.ActiveCfg = Release|Any CPU
		{F90F1A71-D411-4ED4-B60D-CD4335CDC9D5}.Release|Any CPU.Build.0 = Release|Any CPU
		{B86913ED-9009-49E5-9937-C97F165C65F4}.Debug|Any CPU.ActiveCfg = Debug|Any CPU
		{B86913ED-9009-49E5-9937-C97F165C65F4}.Debug|Any CPU.Build.0 = Debug|Any CPU
		{B86913ED-9009-49E5-9937-C97F165C65F4}.Release|Any CPU.ActiveCfg = Release|Any CPU
		{B86913ED-9009-49E5-9937-C97F165C65F4}.Release|Any CPU.Build.0 = Release|Any CPU
	EndGlobalSection
	GlobalSection(SolutionProperties) = preSolution
		HideSolutionNode = FALSE
	EndGlobalSection
	GlobalSection(NestedProjects) = preSolution
		{FC457372-90F8-4751-A106-83DB093CCF46} = {0BC3BE14-EEFD-4AC6-A824-BDA1FDCAC508}
		{F90F1A71-D411-4ED4-B60D-CD4335CDC9D5} = {BE3CA869-C611-4B6B-B500-8EF24AF8F395}
		{B86913ED-9009-49E5-9937-C97F165C65F4} = {BE3CA869-C611-4B6B-B500-8EF24AF8F395}
	EndGlobalSection
EndGlobal
